{
    "_meta": {
        "hash": {
            "sha256": "4440dc030b856299a127ec464ae9813ba01d137b99866b141c139488b066545a"
        },
        "pipfile-spec": 6,
        "requires": {
            "python_version": "3.12"
        },
        "sources": [
            {
                "name": "pypi",
                "url": "https://pypi.org/simple",
                "verify_ssl": true
            }
        ]
    },
    "default": {},
    "develop": {
        "asttokens": {
            "hashes": [
                "sha256:0dcd8baa8d62b0c1d118b399b2ddba3c4aff271d0d7a9e0d4c1681c79035bbc7",
                "sha256:e3078351a059199dd5138cb1c706e6430c05eff2ff136af5eb4790f9d28932e2"
            ],
            "markers": "python_version >= '3.8'",
            "version": "==3.0.0"
        },
        "colorama": {
            "hashes": [
                "sha256:08695f5cb7ed6e0531a20572697297273c47b8cae5a63ffc6d6ed5c201be6e44",
                "sha256:4f1d9991f5acc0ca119f9d443620b77f9d6b33703e51011c16baf57afb285fc6"
            ],
            "markers": "python_version >= '2.7' and python_version not in '3.0, 3.1, 3.2, 3.3, 3.4, 3.5, 3.6'",
            "version": "==0.4.6"
        },
        "comm": {
            "hashes": [
                "sha256:2dc8048c10962d55d7ad693be1e7045d891b7ce8d999c97963a5e3e99c055971",
                "sha256:c615d91d75f7f04f095b30d1c1711babd43bdc6419c1be9886a85f2f4e489417"
            ],
            "markers": "python_version >= '3.8'",
            "version": "==0.2.3"
        },
        "debugpy": {
            "hashes": [
                "sha256:135ccd2b1161bade72a7a099c9208811c137a150839e970aeaf121c2467debe8",
                "sha256:19c9521962475b87da6f673514f7fd610328757ec993bf7ec0d8c96f9a325f9e",
                "sha256:211238306331a9089e253fd997213bc4a4c65f949271057d6695953254095376",
                "sha256:2801329c38f77c47976d341d18040a9ac09d0c71bf2c8b484ad27c74f83dc36f",
                "sha256:2a3958fb9c2f40ed8ea48a0d34895b461de57a1f9862e7478716c35d76f56c65",
                "sha256:31e69a1feb1cf6b51efbed3f6c9b0ef03bc46ff050679c4be7ea6d2e23540870",
                "sha256:64473c4a306ba11a99fe0bb14622ba4fbd943eb004847d9b69b107bde45aa9ea",
                "sha256:67371b28b79a6a12bcc027d94a06158f2fde223e35b5c4e0783b6f9d3b39274a",
                "sha256:687c7ab47948697c03b8f81424aa6dc3f923e6ebab1294732df1ca9773cc67bc",
                "sha256:70f5fcd6d4d0c150a878d2aa37391c52de788c3dc680b97bdb5e529cb80df87a",
                "sha256:75f204684581e9ef3dc2f67687c3c8c183fde2d6675ab131d94084baf8084121",
                "sha256:833a61ed446426e38b0dd8be3e9d45ae285d424f5bf6cd5b2b559c8f12305508",
                "sha256:85df3adb1de5258dca910ae0bb185e48c98801ec15018a263a92bb06be1c8787",
                "sha256:8624a6111dc312ed8c363347a0b59c5acc6210d897e41a7c069de3c53235c9a6",
                "sha256:88eb9ffdfb59bf63835d146c183d6dba1f722b3ae2a5f4b9fc03e925b3358922",
                "sha256:a2ba6fc5d7c4bc84bcae6c5f8edf5988146e55ae654b1bb36fecee9e5e77e9e2",
                "sha256:b202e2843e32e80b3b584bcebfe0e65e0392920dc70df11b2bfe1afcb7a085e4",
                "sha256:b2abae6dd02523bec2dee16bd6b0781cccb53fd4995e5c71cc659b5f45581898",
                "sha256:b5aea1083f6f50023e8509399d7dc6535a351cc9f2e8827d1e093175e4d9fa4c",
                "sha256:bee89e948bc236a5c43c4214ac62d28b29388453f5fd328d739035e205365f0b",
                "sha256:c2c47c2e52b40449552843b913786499efcc3dbc21d6c49287d939cd0dbc49fd",
                "sha256:cf358066650439847ec5ff3dae1da98b5461ea5da0173d93d5e10f477c94609a",
                "sha256:d58c48d8dbbbf48a3a3a638714a2d16de537b0dace1e3432b8e92c57d43707f8",
                "sha256:e5ca7314042e8a614cc2574cd71f6ccd7e13a9708ce3c6d8436959eae56f2378",
                "sha256:f8340a3ac2ed4f5da59e064aa92e39edd52729a88fbde7bbaa54e08249a04493",
                "sha256:fee6db83ea5c978baf042440cfe29695e1a5d48a30147abf4c3be87513609817"
            ],
            "markers": "python_version >= '3.8'",
            "version": "==1.8.16"
        },
        "decorator": {
            "hashes": [
                "sha256:65f266143752f734b0a7cc83c46f4618af75b8c5911b00ccb61d0ac9b6da0360",
                "sha256:d316bb415a2d9e2d2b3abcc4084c6502fc09240e292cd76a76afc106a1c8e04a"
            ],
            "markers": "python_version >= '3.8'",
            "version": "==5.2.1"
        },
        "executing": {
            "hashes": [
                "sha256:3632cc370565f6648cc328b32435bd120a1e4ebb20c77e3fdde9a13cd1e533c4",
                "sha256:760643d3452b4d777d295bb167ccc74c64a81df23fb5e08eff250c425a4b2017"
            ],
            "markers": "python_version >= '3.8'",
            "version": "==2.2.1"
        },
        "ipykernel": {
            "hashes": [
                "sha256:6abb270161896402e76b91394fcdce5d1be5d45f456671e5080572f8505be39b",
                "sha256:aa6b9fb93dca949069d8b85b6c79b2518e32ac583ae9c7d37c51d119e18b3fb4"
            ],
            "index": "pypi",
            "markers": "python_version >= '3.9'",
            "version": "==6.30.1"
        },
        "ipython": {
            "hashes": [
                "sha256:129c44b941fe6d9b82d36fc7a7c18127ddb1d6f02f78f867f402e2e3adde3113",
                "sha256:88369ffa1d5817d609120daa523a6da06d02518e582347c29f8451732a9c5e72"
            ],
            "markers": "python_version >= '3.11'",
            "version": "==9.5.0"
        },
        "ipython-pygments-lexers": {
            "hashes": [
                "sha256:09c0138009e56b6854f9535736f4171d855c8c08a563a0dcd8022f78355c7e81",
                "sha256:a9462224a505ade19a605f71f8fa63c2048833ce50abc86768a0d81d876dc81c"
            ],
            "markers": "python_version >= '3.8'",
            "version": "==1.1.1"
        },
        "jedi": {
            "hashes": [
                "sha256:4770dc3de41bde3966b02eb84fbcf557fb33cce26ad23da12c742fb50ecb11f0",
                "sha256:a8ef22bde8490f57fe5c7681a3c83cb58874daf72b4784de3cce5b6ef6edb5b9"
            ],
            "markers": "python_version >= '3.6'",
            "version": "==0.19.2"
        },
        "jupyter-client": {
            "hashes": [
                "sha256:35b3a0947c4a6e9d589eb97d7d4cd5e90f910ee73101611f01283732bd6d9419",
                "sha256:e8a19cc986cc45905ac3362915f410f3af85424b4c0905e94fa5f2cb08e8f23f"
            ],
            "markers": "python_version >= '3.8'",
            "version": "==8.6.3"
        },
        "jupyter-core": {
            "hashes": [
                "sha256:0a5f9706f70e64786b75acba995988915ebd4601c8a52e534a40b51c95f59941",
                "sha256:c28d268fc90fb53f1338ded2eb410704c5449a358406e8a948b75706e24863d0"
            ],
            "markers": "python_version >= '3.8'",
            "version": "==5.8.1"
        },
        "matplotlib-inline": {
            "hashes": [
                "sha256:8423b23ec666be3d16e16b60bdd8ac4e86e840ebd1dd11a30b9f117f2fa0ab90",
                "sha256:df192d39a4ff8f21b1895d72e6a13f5fcc5099f00fa84384e0ea28c2cc0653ca"
            ],
            "markers": "python_version >= '3.8'",
            "version": "==0.1.7"
        },
        "nest-asyncio": {
            "hashes": [
                "sha256:6f172d5449aca15afd6c646851f4e31e02c598d553a667e38cafa997cfec55fe",
                "sha256:87af6efd6b5e897c81050477ef65c62e2b2f35d51703cae01aff2905b1852e1c"
            ],
            "markers": "python_version >= '3.5'",
            "version": "==1.6.0"
        },
        "packaging": {
            "hashes": [
                "sha256:29572ef2b1f17581046b3a2227d5c611fb25ec70ca1ba8554b24b0e69331a484",
                "sha256:d443872c98d677bf60f6a1f2f8c1cb748e8fe762d2bf9d3148b5599295b0fc4f"
            ],
            "markers": "python_version >= '3.8'",
            "version": "==25.0"
        },
        "parso": {
            "hashes": [
                "sha256:034d7354a9a018bdce352f48b2a8a450f05e9d6ee85db84764e9b6bd96dafe5a",
                "sha256:646204b5ee239c396d040b90f9e272e9a8017c630092bf59980beb62fd033887"
            ],
            "markers": "python_version >= '3.6'",
            "version": "==0.8.5"
        },
        "platformdirs": {
            "hashes": [
                "sha256:abd01743f24e5287cd7a5db3752faf1a2d65353f38ec26d98e25a6db65958c85",
                "sha256:ca753cf4d81dc309bc67b0ea38fd15dc97bc30ce419a7f58d13eb3bf14c4febf"
            ],
            "markers": "python_version >= '3.9'",
            "version": "==4.4.0"
        },
        "prompt-toolkit": {
            "hashes": [
                "sha256:28cde192929c8e7321de85de1ddbe736f1375148b02f2e17edd840042b1be855",
                "sha256:9aac639a3bbd33284347de5ad8d68ecc044b91a762dc39b7c21095fcd6a19955"
            ],
            "markers": "python_version >= '3.8'",
            "version": "==3.0.52"
        },
        "psutil": {
            "hashes": [
                "sha256:101d71dc322e3cffd7cea0650b09b3d08b8e7c4109dd6809fe452dfd00e58b25",
                "sha256:1e744154a6580bc968a0195fd25e80432d3afec619daf145b9e5ba16cc1d688e",
                "sha256:1fcee592b4c6f146991ca55919ea3d1f8926497a713ed7faaf8225e174581e91",
                "sha256:39db632f6bb862eeccf56660871433e111b6ea58f2caea825571951d4b6aa3da",
                "sha256:4b1388a4f6875d7e2aff5c4ca1cc16c545ed41dd8bb596cefea80111db353a34",
                "sha256:4cf3d4eb1aa9b348dec30105c55cd9b7d4629285735a102beb4441e38db90553",
                "sha256:7be9c3eba38beccb6495ea33afd982a44074b78f28c434a1f51cc07fd315c456",
                "sha256:84df4eb63e16849689f76b1ffcb36db7b8de703d1bc1fe41773db487621b6c17",
                "sha256:a5f098451abc2828f7dc6b58d44b532b22f2088f4999a937557b603ce72b1993",
                "sha256:ba3fcef7523064a6c9da440fc4d6bd07da93ac726b5733c29027d7dc95b39d99"
            ],
            "markers": "python_version >= '3.6'",
            "version": "==7.0.0"
        },
        "pure-eval": {
            "hashes": [
                "sha256:1db8e35b67b3d218d818ae653e27f06c3aa420901fa7b081ca98cbedc874e0d0",
                "sha256:5f4e983f40564c576c7c8635ae88db5956bb2229d7e9237d03b3c0b0190eaf42"
            ],
            "version": "==0.2.3"
        },
        "pygments": {
            "hashes": [
                "sha256:636cb2477cec7f8952536970bc533bc43743542f70392ae026374600add5b887",
                "sha256:86540386c03d588bb81d44bc3928634ff26449851e99741617ecb9037ee5ec0b"
            ],
            "markers": "python_version >= '3.8'",
            "version": "==2.19.2"
        },
        "python-dateutil": {
            "hashes": [
                "sha256:37dd54208da7e1cd875388217d5e00ebd4179249f90fb72437e91a35459a0ad3",
                "sha256:a8b2bc7bffae282281c8140a97d3aa9c14da0b136dfe83f850eea9a5f7470427"
            ],
            "markers": "python_version >= '2.7' and python_version not in '3.0, 3.1, 3.2'",
            "version": "==2.9.0.post0"
        },
        "pywin32": {
            "hashes": [
                "sha256:0502d1facf1fed4839a9a51ccbcc63d952cf318f78ffc00a7e78528ac27d7a2b",
                "sha256:184eb5e436dea364dcd3d2316d577d625c0351bf237c4e9a5fabbcfa5a58b151",
                "sha256:3aca44c046bd2ed8c90de9cb8427f581c479e594e99b5c0bb19b29c10fd6cb87",
                "sha256:3ce80b34b22b17ccbd937a6e78e7225d80c52f5ab9940fe0506a1a16f3dab503",
                "sha256:62ea666235135fee79bb154e695f3ff67370afefd71bd7fea7512fc70ef31e3d",
                "sha256:6c6f2969607b5023b0d9ce2541f8d2cbb01c4f46bc87456017cf63b73f1e2d8c",
                "sha256:718a38f7e5b058e76aee1c56ddd06908116d35147e133427e59a3983f703a20d",
                "sha256:750ec6e621af2b948540032557b10a2d43b0cee2ae9758c54154d711cc852d31",
                "sha256:797c2772017851984b97180b0bebe4b620bb86328e8a884bb626156295a63b3b",
                "sha256:7b4075d959648406202d92a2310cb990fea19b535c7f4a78d3f5e10b926eeb8a",
                "sha256:a508e2d9025764a8270f93111a970e1d0fbfc33f4153b388bb649b7eec4f9b42",
                "sha256:a733f1388e1a842abb67ffa8e7aad0e70ac519e09b0f6a784e65a136ec7cefd2",
                "sha256:aba8f82d551a942cb20d4a83413ccbac30790b50efb89a75e4f586ac0bb8056b",
                "sha256:b7a2c10b93f8986666d0c803ee19b5990885872a7de910fc460f9b0c2fbf92ee",
                "sha256:b8c095edad5c211ff31c05223658e71bf7116daa0ecf3ad85f3201ea3190d067",
                "sha256:c8015b09fb9a5e188f83b7b04de91ddca4658cee2ae6f3bc483f0b21a77ef6cd",
                "sha256:d03ff496d2a0cd4a5893504789d4a15399133fe82517455e78bad62efbb7f0a3",
                "sha256:e0c4cfb0621281fe40387df582097fd796e80430597cb9944f0ae70447bacd91",
                "sha256:e286f46a9a39c4a18b319c28f59b61de793654af2f395c102b4f819e584b5852",
                "sha256:f95ba5a847cba10dd8c4d8fefa9f2a6cf283b8b88ed6178fa8a6c1ab16054d0d"
            ],
            "markers": "sys_platform == 'win32' and platform_python_implementation != 'PyPy'",
            "version": "==311"
        },
        "pyzmq": {
            "hashes": [
                "sha256:05288947797dcd6724702db2056972dceef9963a83041eb734aea504416094ec",
                "sha256:063845960df76599ad4fad69fa4d884b3ba38304272104fdcd7e3af33faeeb1d",
                "sha256:0f6e9b00d81b58f859fffc112365d50413954e02aefe36c5b4c8fb4af79f8cc3",
                "sha256:1326500792a9cb0992db06bbaf5d0098459133868932b81a6e90d45c39eca99d",
                "sha256:25a100d2de2ac0c644ecf4ce0b509a720d12e559c77aff7e7e73aa684f0375bc",
                "sha256:272d772d116615397d2be2b1417b3b8c8bc8671f93728c2f2c25002a4530e8f6",
                "sha256:2cb5bcfc51c7a4fce335d3bc974fd1d6a916abbcdd2b25f6e89d37b8def25f57",
                "sha256:2e73cf3b127a437fef4100eb3ac2ebe6b49e655bb721329f667f59eca0a26221",
                "sha256:2ef3067cb5b51b090fb853f423ad7ed63836ec154374282780a62eb866bf5768",
                "sha256:31c26a5d0b00befcaeeb600d8b15ad09f5604b6f44e2057ec5e521a9e18dcd9a",
                "sha256:340e7cddc32f147c6c00d116a3f284ab07ee63dbd26c52be13b590520434533c",
                "sha256:36508466a266cf78bba2f56529ad06eb38ba827f443b47388d420bec14d331ba",
                "sha256:3660d85e2b6a28eb2d586dedab9c61a7b7c64ab0d89a35d2973c7be336f12b0d",
                "sha256:38ff75b2a36e3a032e9fef29a5871e3e1301a37464e09ba364e3c3193f62982a",
                "sha256:3b02ba0c0b2b9ebe74688002e6c56c903429924a25630804b9ede1f178aa5a3f",
                "sha256:3e44e665d78a07214b2772ccbd4b9bcc6d848d7895f1b2d7653f047b6318a4f6",
                "sha256:3e8f833dd82af11db5321c414638045c70f61009f72dd61c88db4a713c1fb1d2",
                "sha256:400f34321e3bd89b1165b91ea6b18ad26042ba9ad0dfed8b35049e2e24eeab9b",
                "sha256:4108785f2e5ac865d06f678a07a1901e3465611356df21a545eeea8b45f56265",
                "sha256:41f0bd56d9279392810950feb2785a419c2920bbf007fdaaa7f4a07332ae492d",
                "sha256:47c5dda2018c35d87be9b83de0890cb92ac0791fd59498847fc4eca6ff56671d",
                "sha256:47eb65bb25478358ba3113dd9a08344f616f417ad3ffcbb190cd874fae72b1b1",
                "sha256:49d8d05d9844d83cddfbc86a82ac0cafe7ab694fcc9c9618de8d015c318347c3",
                "sha256:4e4520577971d01d47e2559bb3175fce1be9103b18621bf0b241abe0a933d040",
                "sha256:4e4d88b6cff156fed468903006b24bbd85322612f9c2f7b96e72d5016fd3f543",
                "sha256:4ecfc7999ac44c9ef92b5ae8f0b44fb935297977df54d8756b195a3cd12f38f0",
                "sha256:515d20b5c3c86db95503faa989853a8ab692aab1e5336db011cd6d35626c4cb1",
                "sha256:565bee96a155fe6452caed5fb5f60c9862038e6b51a59f4f632562081cdb4004",
                "sha256:56d7de7bf73165b90bd25a8668659ccb134dd28449116bf3c7e9bab5cf8a8ec9",
                "sha256:58d4cc9b6b768478adfc40a5cbee545303db8dbc81ba688474e0f499cc581028",
                "sha256:59a50f5eedf8ed20b7dbd57f1c29b2de003940dea3eedfbf0fbfea05ee7f9f61",
                "sha256:5b45153cb8eadcab14139970643a84f7a7b08dda541fbc1f6f4855c49334b549",
                "sha256:5da05e3c22c95e23bfc4afeee6ff7d4be9ff2233ad6cb171a0e8257cd46b169a",
                "sha256:5de735c745ca5cefe9c2d1547d8f28cfe1b1926aecb7483ab1102fd0a746c093",
                "sha256:5e558be423631704803bc6a642e2caa96083df759e25fe6eb01f2d28725f80bd",
                "sha256:5ee9560cb1e3094ef01fc071b361121a57ebb8d4232912b6607a6d7d2d0a97b4",
                "sha256:6156ad5e8bbe8a78a3f5b5757c9a883b0012325c83f98ce6d58fcec81e8b3d06",
                "sha256:61678b7407b04df8f9423f188156355dc94d0fb52d360ae79d02ed7e0d431eea",
                "sha256:6b2b74aac3392b8cf508ccb68c980a8555298cd378434a2d065d6ce0f4211dff",
                "sha256:734be4f44efba0aa69bf5f015ed13eb69ff29bf0d17ea1e21588b095a3147b8e",
                "sha256:795c4884cfe7ea59f2b67d82b417e899afab889d332bfda13b02f8e0c155b2e4",
                "sha256:7a5709abe8d23ca158a9d0a18c037f4193f5b6afeb53be37173a41e9fb885792",
                "sha256:7db5db88c24cf9253065d69229a148ff60821e5d6f8ff72579b1f80f8f348bab",
                "sha256:7f01118133427cd7f34ee133b5098e2af5f70303fa7519785c007bca5aa6f96a",
                "sha256:8426c0ebbc11ed8416a6e9409c194142d677c2c5c688595f2743664e356d9e9b",
                "sha256:845a35fb21b88786aeb38af8b271d41ab0967985410f35411a27eebdc578a076",
                "sha256:849123fd9982c7f63911fdceba9870f203f0f32c953a3bab48e7f27803a0e3ec",
                "sha256:85e3c6fb0d25ea046ebcfdc2bcb9683d663dc0280645c79a616ff5077962a15b",
                "sha256:862aedec0b0684a5050cdb5ec13c2da96d2f8dffda48657ed35e312a4e31553b",
                "sha256:86898f5c9730df23427c1ee0097d8aa41aa5f89539a79e48cd0d2c22d059f1b7",
                "sha256:8b32c4636ced87dce0ac3d671e578b3400215efab372f1b4be242e8cf0b11384",
                "sha256:8ffe40c216c41756ca05188c3e24a23142334b304f7aebd75c24210385e35573",
                "sha256:989066d51686415f1da646d6e2c5364a9b084777c29d9d1720aa5baf192366ef",
                "sha256:9cbad4ef12e4c15c94d2c24ecd15a8ed56bf091c62f121a2b0c618ddd4b7402b",
                "sha256:9e4dc5c9a6167617251dea0d024d67559795761aabb4b7ea015518be898be076",
                "sha256:a00e6390e52770ba1ec753b2610f90b4f00e74c71cfc5405b917adf3cc39565e",
                "sha256:a0621ec020c49fc1b6e31304f1a820900d54e7d9afa03ea1634264bf9387519e",
                "sha256:a1acf091f53bb406e9e5e7383e467d1dd1b94488b8415b890917d30111a1fef3",
                "sha256:a6fc24f00293f10aff04d55ca37029b280474c91f4de2cad5e911e5e10d733b7",
                "sha256:aa9c1c208c263b84386ac25bed6af5672397dc3c232638114fc09bca5c7addf9",
                "sha256:ad38daf57495beadc0d929e8901b2aa46ff474239b5a8a46ccc7f67dc01d2335",
                "sha256:b18045668d09cf0faa44918af2a67f0dbbef738c96f61c2f1b975b1ddb92ccfc",
                "sha256:b38e01f11e9e95f6668dc8a62dccf9483f454fed78a77447507a0e8dcbd19a63",
                "sha256:b398dd713b18de89730447347e96a0240225e154db56e35b6bb8447ffdb07798",
                "sha256:b751914a73604d40d88a061bab042a11d4511b3ddbb7624cd83c39c8a498564c",
                "sha256:ba95693f9df8bb4a9826464fb0fe89033936f35fd4a8ff1edff09a473570afa0",
                "sha256:bbbb7e2f3ac5a22901324e7b086f398b8e16d343879a77b15ca3312e8cd8e6d5",
                "sha256:bccfee44b392f4d13bbf05aa88d8f7709271b940a8c398d4216fde6b717624ae",
                "sha256:c4833e02fcf2751975457be1dfa2f744d4d09901a8cc106acaa519d868232175",
                "sha256:c4c20ba8389f495c7b4f6b896bb1ca1e109a157d4f189267a902079699aaf787",
                "sha256:c5be232f7219414ff672ff7ab8c5a7e8632177735186d8a42b57b491fafdd64e",
                "sha256:c5ee06945f3069e3609819890a01958c4bbfea7a2b31ae87107c6478838d309e",
                "sha256:ca42a6ce2d697537da34f77a1960d21476c6a4af3e539eddb2b114c3cf65a78c",
                "sha256:cb77923ea163156da14295c941930bd525df0d29c96c1ec2fe3c3806b1e17cb3",
                "sha256:cc283595b82f0db155a52f6462945c7b6b47ecaae2f681746eeea537c95cf8c9",
                "sha256:cea2f26c5972796e02b222968a21a378d09eb4ff590eb3c5fafa8913f8c2bdf5",
                "sha256:d00e81cb0afd672915257a3927124ee2ad117ace3c256d39cd97ca3f190152ad",
                "sha256:d2b4b261dce10762be5c116b6ad1f267a9429765b493c454f049f33791dd8b8a",
                "sha256:d67a0960803a37b60f51b460c58444bc7033a804c662f5735172e21e74ee4902",
                "sha256:dd4d3e6a567ffd0d232cfc667c49d0852d0ee7481458a2a1593b9b1bc5acba88",
                "sha256:de84e1694f9507b29e7b263453a2255a73e3d099d258db0f14539bad258abe41",
                "sha256:dff9198adbb6810ad857f3bfa59b4859c45acb02b0d198b39abeafb9148474f3",
                "sha256:e297784aea724294fe95e442e39a4376c2f08aa4fae4161c669f047051e31b02",
                "sha256:e3659a79ded9745bc9c2aef5b444ac8805606e7bc50d2d2eb16dc3ab5483d91f",
                "sha256:e3c824b70925963bdc8e39a642672c15ffaa67e7d4b491f64662dd56d6271263",
                "sha256:e4b860edf6379a7234ccbb19b4ed2c57e3ff569c3414fadfb49ae72b61a8ef07",
                "sha256:ea4f498f8115fd90d7bf03a3e83ae3e9898e43362f8e8e8faec93597206e15cc",
                "sha256:f0944d65ba2b872b9fcece08411d6347f15a874c775b4c3baae7f278550da0fb",
                "sha256:f1151b33aaf3b4fa9da26f4d696e38eebab67d1b43c446184d733c700b3ff8ce",
                "sha256:f3dba49ff037d02373a9306b58d6c1e0be031438f822044e8767afccfdac4c6b",
                "sha256:f54ca3e98f8f4d23e989c7d0edcf9da7a514ff261edaf64d1d8653dd5feb0a8b",
                "sha256:f9528a4b3e24189cb333a9850fddbbafaa81df187297cfbddee50447cdb042cf"
            ],
            "markers": "python_version >= '3.8'",
            "version": "==27.0.2"
        },
        "six": {
            "hashes": [
                "sha256:4721f391ed90541fddacab5acf947aa0d3dc7d27b2e1e8eda2be8970586c3274",
                "sha256:ff70335d468e7eb6ec65b95b99d3a2836546063f63acc5171de367e834932a81"
            ],
            "markers": "python_version >= '2.7' and python_version not in '3.0, 3.1, 3.2'",
            "version": "==1.17.0"
        },
        "stack-data": {
            "hashes": [
                "sha256:836a778de4fec4dcd1dcd89ed8abff8a221f58308462e1c4aa2a3cf30148f0b9",
                "sha256:d5558e0c25a4cb0853cddad3d77da9891a08cb85dd9f9f91b9f8cd66e511e695"
            ],
            "version": "==0.6.3"
        },
        "tornado": {
            "hashes": [
                "sha256:06ceb1300fd70cb20e43b1ad8aaee0266e69e7ced38fa910ad2e03285009ce7c",
                "sha256:2436822940d37cde62771cff8774f4f00b3c8024fe482e16ca8387b8a2724db6",
                "sha256:583a52c7aa94ee046854ba81d9ebb6c81ec0fd30386d96f7640c96dad45a03ef",
                "sha256:74db443e0f5251be86cbf37929f84d8c20c27a355dd452a5cfa2aada0d001ec4",
                "sha256:ab53c8f9a0fa351e2c0741284e06c7a45da86afb544133201c5cc8578eb076a0",
                "sha256:b0fe179f28d597deab2842b86ed4060deec7388f1fd9c1b4a41adf8af058907e",
                "sha256:b186e85d1e3536d69583d2298423744740986018e393d0321df7340e71898882",
                "sha256:b5e735ab2889d7ed33b32a459cac490eda71a1ba6857b0118de476ab6c366c04",
                "sha256:c6f29e94d9b37a95013bb669616352ddb82e3bfe8326fccee50583caebc8a5f0",
                "sha256:d6c33dc3672e3a1f3618eb63b7ef4683a7688e7b9e6e8f0d9aa5726360a004af",
                "sha256:e56a5af51cc30dd2cae649429af65ca2f6571da29504a07995175df14c18f35f",
                "sha256:e792706668c87709709c18b353da1f7662317b563ff69f00bab83595940c7108"
            ],
            "markers": "python_version >= '3.9'",
            "version": "==6.5.2"
        },
        "traitlets": {
            "hashes": [
                "sha256:9ed0579d3502c94b4b3732ac120375cda96f923114522847de4b3bb98b96b6b7",
                "sha256:b74e89e397b1ed28cc831db7aea759ba6640cb3de13090ca145426688ff1ac4f"
            ],
            "markers": "python_version >= '3.8'",
            "version": "==5.14.3"
        },
        "wcwidth": {
            "hashes": [
                "sha256:3da69048e4540d84af32131829ff948f1e022c1c6bdb8d6102117aac784f6859",
                "sha256:72ea0c06399eb286d978fdedb6923a9eb47e1c486ce63e9b4e64fc18303972b5"
            ],
            "version": "==0.2.13"
        }
    }
}
